// !$*UTF8*$!
{
	archiveVersion = 1;
	classes = {
	};
	objectVersion = 46;
	objects = {

/* Begin PBXBuildFile section */
		669D236D19CB77B700B9F836 /* libX11.a in Frameworks */ = {isa = PBXBuildFile; fileRef = 669D236919CB77B700B9F836 /* libX11.a */; };
		669D236E19CB77B700B9F836 /* libXext.a in Frameworks */ = {isa = PBXBuildFile; fileRef = 669D236A19CB77B700B9F836 /* libXext.a */; };
		669D236F19CB77B700B9F836 /* libXm.a in Frameworks */ = {isa = PBXBuildFile; fileRef = 669D236B19CB77B700B9F836 /* libXm.a */; };
		669D237019CB77B700B9F836 /* libXt.a in Frameworks */ = {isa = PBXBuildFile; fileRef = 669D236C19CB77B700B9F836 /* libXt.a */; };
		66E7FEC619CB5B12003F41DA /* alarm.c in Sources */ = {isa = PBXBuildFile; fileRef = 66E7FEC319CB5B12003F41DA /* alarm.c */; };
		66E7FEC719CB5B12003F41DA /* xclock.c in Sources */ = {isa = PBXBuildFile; fileRef = 66E7FEC519CB5B12003F41DA /* xclock.c */; };
/* End PBXBuildFile section */

/* Begin PBXCopyFilesBuildPhase section */
		66E7FEB019CB5ABC003F41DA /* CopyFiles */ = {
			isa = PBXCopyFilesBuildPhase;
			buildActionMask = 2147483647;
			dstPath = /usr/share/man/man1/;
			dstSubfolderSpec = 0;
			files = (
			);
			runOnlyForDeploymentPostprocessing = 1;
		};
/* End PBXCopyFilesBuildPhase section */

/* Begin PBXFileReference section */
		669D236919CB77B700B9F836 /* libX11.a */ = {isa = PBXFileReference; lastKnownFileType = archive.ar; name = libX11.a; path = ../../../../../opt/local/lib/libX11.a; sourceTree = "<group>"; };
		669D236A19CB77B700B9F836 /* libXext.a */ = {isa = PBXFileReference; lastKnownFileType = archive.ar; name = libXext.a; path = ../../../../../opt/local/lib/libXext.a; sourceTree = "<group>"; };
		669D236B19CB77B700B9F836 /* libXm.a */ = {isa = PBXFileReference; lastKnownFileType = archive.ar; name = libXm.a; path = ../../../../../opt/local/lib/libXm.a; sourceTree = "<group>"; };
		669D236C19CB77B700B9F836 /* libXt.a */ = {isa = PBXFileReference; lastKnownFileType = archive.ar; name = libXt.a; path = ../../../../../opt/local/lib/libXt.a; sourceTree = "<group>"; };
		66E7FEB219CB5ABC003F41DA /* catclock */ = {isa = PBXFileReference; explicitFileType = "compiled.mach-o.executable"; includeInIndex = 0; path = catclock; sourceTree = BUILT_PRODUCTS_DIR; };
		66E7FEC319CB5B12003F41DA /* alarm.c */ = {isa = PBXFileReference; fileEncoding = 4; lastKnownFileType = sourcecode.c.c; path = alarm.c; sourceTree = "<group>"; };
		66E7FEC419CB5B12003F41DA /* alarm.h */ = {isa = PBXFileReference; fileEncoding = 4; lastKnownFileType = sourcecode.c.h; path = alarm.h; sourceTree = "<group>"; };
		66E7FEC519CB5B12003F41DA /* xclock.c */ = {isa = PBXFileReference; fileEncoding = 4; lastKnownFileType = sourcecode.c.c; path = xclock.c; sourceTree = "<group>"; };
/* End PBXFileReference section */

/* Begin PBXFrameworksBuildPhase section */
		66E7FEAF19CB5ABC003F41DA /* Frameworks */ = {
			isa = PBXFrameworksBuildPhase;
			buildActionMask = 2147483647;
			files = (
				669D236D19CB77B700B9F836 /* libX11.a in Frameworks */,
				669D236E19CB77B700B9F836 /* libXext.a in Frameworks */,
				669D236F19CB77B700B9F836 /* libXm.a in Frameworks */,
				669D237019CB77B700B9F836 /* libXt.a in Frameworks */,
			);
			runOnlyForDeploymentPostprocessing = 0;
		};
/* End PBXFrameworksBuildPhase section */

/* Begin PBXGroup section */
		66632E5C19CB5CFB0053A636 /* Libraries */ = {
			isa = PBXGroup;
			children = (
			);
			name = Libraries;
			sourceTree = "<group>";
		};
		66632E5E19CB5D1A0053A636 /* Sources */ = {
			isa = PBXGroup;
			children = (
				66E7FEC319CB5B12003F41DA /* alarm.c */,
				66E7FEC419CB5B12003F41DA /* alarm.h */,
				66E7FEC519CB5B12003F41DA /* xclock.c */,
			);
			name = Sources;
			sourceTree = "<group>";
		};
		66E7FEA919CB5ABC003F41DA = {
			isa = PBXGroup;
			children = (
				669D236919CB77B700B9F836 /* libX11.a */,
				669D236A19CB77B700B9F836 /* libXext.a */,
				669D236B19CB77B700B9F836 /* libXm.a */,
				669D236C19CB77B700B9F836 /* libXt.a */,
				66632E5E19CB5D1A0053A636 /* Sources */,
				66632E5C19CB5CFB0053A636 /* Libraries */,
				66E7FEB319CB5ABC003F41DA /* Products */,
			);
			sourceTree = "<group>";
		};
		66E7FEB319CB5ABC003F41DA /* Products */ = {
			isa = PBXGroup;
			children = (
				66E7FEB219CB5ABC003F41DA /* catclock */,
			);
			name = Products;
			sourceTree = "<group>";
		};
/* End PBXGroup section */

/* Begin PBXNativeTarget section */
		66E7FEB119CB5ABC003F41DA /* catclock */ = {
			isa = PBXNativeTarget;
			buildConfigurationList = 66E7FEBB19CB5ABC003F41DA /* Build configuration list for PBXNativeTarget "catclock" */;
			buildPhases = (
				66E7FEAE19CB5ABC003F41DA /* Sources */,
				66E7FEAF19CB5ABC003F41DA /* Frameworks */,
				66E7FEB019CB5ABC003F41DA /* CopyFiles */,
			);
			buildRules = (
			);
			dependencies = (
			);
			name = catclock;
			productName = catclock;
			productReference = 66E7FEB219CB5ABC003F41DA /* catclock */;
			productType = "com.apple.product-type.tool";
		};
/* End PBXNativeTarget section */

/* Begin PBXProject section */
		66E7FEAA19CB5ABC003F41DA /* Project object */ = {
			isa = PBXProject;
			attributes = {
				LastUpgradeCheck = 0510;
				ORGANIZATIONNAME = CodeFromAbove;
			};
			buildConfigurationList = 66E7FEAD19CB5ABC003F41DA /* Build configuration list for PBXProject "catclock" */;
			compatibilityVersion = "Xcode 3.2";
			developmentRegion = English;
			hasScannedForEncodings = 0;
			knownRegions = (
				en,
			);
			mainGroup = 66E7FEA919CB5ABC003F41DA;
			productRefGroup = 66E7FEB319CB5ABC003F41DA /* Products */;
			projectDirPath = "";
			projectRoot = "";
			targets = (
				66E7FEB119CB5ABC003F41DA /* catclock */,
			);
		};
/* End PBXProject section */

/* Begin PBXSourcesBuildPhase section */
		66E7FEAE19CB5ABC003F41DA /* Sources */ = {
			isa = PBXSourcesBuildPhase;
			buildActionMask = 2147483647;
			files = (
				66E7FEC619CB5B12003F41DA /* alarm.c in Sources */,
				66E7FEC719CB5B12003F41DA /* xclock.c in Sources */,
			);
			runOnlyForDeploymentPostprocessing = 0;
		};
/* End PBXSourcesBuildPhase section */

/* Begin XCBuildConfiguration section */
		66E7FEB919CB5ABC003F41DA /* Debug */ = {
			isa = XCBuildConfiguration;
			buildSettings = {
				ALWAYS_SEARCH_USER_PATHS = NO;
				CLANG_CXX_LANGUAGE_STANDARD = "gnu++0x";
				CLANG_CXX_LIBRARY = "libc++";
				CLANG_ENABLE_MODULES = YES;
				CLANG_ENABLE_OBJC_ARC = YES;
				CLANG_WARN_BOOL_CONVERSION = YES;
				CLANG_WARN_CONSTANT_CONVERSION = YES;
				CLANG_WARN_DIRECT_OBJC_ISA_USAGE = YES_ERROR;
				CLANG_WARN_EMPTY_BODY = YES;
				CLANG_WARN_ENUM_CONVERSION = YES;
				CLANG_WARN_INT_CONVERSION = YES;
				CLANG_WARN_OBJC_ROOT_CLASS = YES_ERROR;
				CLANG_WARN__DUPLICATE_METHOD_MATCH = YES;
				COPY_PHASE_STRIP = NO;
				GCC_C_LANGUAGE_STANDARD = gnu99;
				GCC_DYNAMIC_NO_PIC = NO;
				GCC_ENABLE_OBJC_EXCEPTIONS = YES;
				GCC_OPTIMIZATION_LEVEL = 0;
				GCC_PREPROCESSOR_DEFINITIONS = (
					"DEBUG=1",
					"$(inherited)",
				);
				GCC_SYMBOLS_PRIVATE_EXTERN = NO;
				GCC_WARN_64_TO_32_BIT_CONVERSION = YES;
				GCC_WARN_ABOUT_RETURN_TYPE = YES_ERROR;
				GCC_WARN_UNDECLARED_SELECTOR = YES;
				GCC_WARN_UNINITIALIZED_AUTOS = YES_AGGRESSIVE;
				GCC_WARN_UNUSED_FUNCTION = YES;
				GCC_WARN_UNUSED_VARIABLE = YES;
				HEADER_SEARCH_PATHS = (
					"$(inherited)",
					/Applications/Xcode.app/Contents/Developer/Toolchains/XcodeDefault.xctoolchain/usr/include,
					/opt/local/include,
				);
				MACOSX_DEPLOYMENT_TARGET = 10.9;
				ONLY_ACTIVE_ARCH = YES;
				SDKROOT = macosx;
			};
			name = Debug;
		};
		66E7FEBA19CB5ABC003F41DA /* Release */ = {
			isa = XCBuildConfiguration;
			buildSettings = {
				ALWAYS_SEARCH_USER_PATHS = NO;
				CLANG_CXX_LANGUAGE_STANDARD = "gnu++0x";
				CLANG_CXX_LIBRARY = "libc++";
				CLANG_ENABLE_MODULES = YES;
				CLANG_ENABLE_OBJC_ARC = YES;
				CLANG_WARN_BOOL_CONVERSION = YES;
				CLANG_WARN_CONSTANT_CONVERSION = YES;
				CLANG_WARN_DIRECT_OBJC_ISA_USAGE = YES_ERROR;
				CLANG_WARN_EMPTY_BODY = YES;
				CLANG_WARN_ENUM_CONVERSION = YES;
				CLANG_WARN_INT_CONVERSION = YES;
				CLANG_WARN_OBJC_ROOT_CLASS = YES_ERROR;
				CLANG_WARN__DUPLICATE_METHOD_MATCH = YES;
				COPY_PHASE_STRIP = YES;
				DEBUG_INFORMATION_FORMAT = "dwarf-with-dsym";
				ENABLE_NS_ASSERTIONS = NO;
				GCC_C_LANGUAGE_STANDARD = gnu99;
				GCC_ENABLE_OBJC_EXCEPTIONS = YES;
				GCC_WARN_64_TO_32_BIT_CONVERSION = YES;
				GCC_WARN_ABOUT_RETURN_TYPE = YES_ERROR;
				GCC_WARN_UNDECLARED_SELECTOR = YES;
				GCC_WARN_UNINITIALIZED_AUTOS = YES_AGGRESSIVE;
				GCC_WARN_UNUSED_FUNCTION = YES;
				GCC_WARN_UNUSED_VARIABLE = YES;
				HEADER_SEARCH_PATHS = (
					"$(inherited)",
					/Applications/Xcode.app/Contents/Developer/Toolchains/XcodeDefault.xctoolchain/usr/include,
					/opt/local/include,
				);
				MACOSX_DEPLOYMENT_TARGET = 10.9;
				SDKROOT = macosx;
			};
			name = Release;
		};
		66E7FEBC19CB5ABC003F41DA /* Debug */ = {
			isa = XCBuildConfiguration;
			buildSettings = {
				LIBRARY_SEARCH_PATHS = (
					"$(inherited)",
					/opt/local/lib,
				);
				PRODUCT_NAME = "$(TARGET_NAME)";
			};
			name = Debug;
		};
		66E7FEBD19CB5ABC003F41DA /* Release */ = {
			isa = XCBuildConfiguration;
			buildSettings = {
				LIBRARY_SEARCH_PATHS = (
					"$(inherited)",
					/opt/local/lib,
				);
				PRODUCT_NAME = "$(TARGET_NAME)";
			};
			name = Release;
		};
/* End XCBuildConfiguration section */

/* Begin XCConfigurationList section */
		66E7FEAD19CB5ABC003F41DA /* Build configuration list for PBXProject "catclock" */ = {
			isa = XCConfigurationList;
			buildConfigurations = (
				66E7FEB919CB5ABC003F41DA /* Debug */,
				66E7FEBA19CB5ABC003F41DA /* Release */,
			);
			defaultConfigurationIsVisible = 0;
			defaultConfigurationName = Release;
		};
		66E7FEBB19CB5ABC003F41DA /* Build configuration list for PBXNativeTarget "catclock" */ = {
			isa = XCConfigurationList;
			buildConfigurations = (
				66E7FEBC19CB5ABC003F41DA /* Debug */,
				66E7FEBD19CB5ABC003F41DA /* Release */,
			);
			defaultConfigurationIsVisible = 0;
			defaultConfigurationName = Release;
		};
/* End XCConfigurationList section */
	};
	rootObject = 66E7FEAA19CB5ABC003F41DA /* Project object */;
}
