// !$*UTF8*$!
{
	archiveVersion = 1;
	classes = {
	};
	objectVersion = 46;
	objects = {

/* Begin PBXBuildFile section */
		666132331BC06D340091BAB4 /* alarm.c in Sources */ = {isa = PBXBuildFile; fileRef = 666132311BC06D340091BAB4 /* alarm.c */; settings = {COMPILER_FLAGS = "-Wno-nullability-completeness"; }; };
		666132341BC06D340091BAB4 /* xclock.c in Sources */ = {isa = PBXBuildFile; fileRef = 666132321BC06D340091BAB4 /* xclock.c */; settings = {COMPILER_FLAGS = "-Wno-nullability-completeness"; }; };
		666132431BC06E480091BAB4 /* libX11.a in Frameworks */ = {isa = PBXBuildFile; fileRef = 666132401BC06E480091BAB4 /* libX11.a */; };
		666132441BC06E480091BAB4 /* libXext.a in Frameworks */ = {isa = PBXBuildFile; fileRef = 666132411BC06E480091BAB4 /* libXext.a */; };
		666132451BC06E480091BAB4 /* libXm.a in Frameworks */ = {isa = PBXBuildFile; fileRef = 666132421BC06E480091BAB4 /* libXm.a */; };
		666132471BC06E650091BAB4 /* libXt.a in Frameworks */ = {isa = PBXBuildFile; fileRef = 666132461BC06E650091BAB4 /* libXt.a */; };
/* End PBXBuildFile section */

/* Begin PBXCopyFilesBuildPhase section */
		666132231BC06CD80091BAB4 /* CopyFiles */ = {
			isa = PBXCopyFilesBuildPhase;
			buildActionMask = 2147483647;
			dstPath = /usr/share/man/man1/;
			dstSubfolderSpec = 0;
			files = (
			);
			runOnlyForDeploymentPostprocessing = 1;
		};
/* End PBXCopyFilesBuildPhase section */

/* Begin PBXFileReference section */
		666132251BC06CD80091BAB4 /* catclock */ = {isa = PBXFileReference; explicitFileType = "compiled.mach-o.executable"; includeInIndex = 0; path = catclock; sourceTree = BUILT_PRODUCTS_DIR; };
		6661322F1BC06D340091BAB4 /* alarm.h */ = {isa = PBXFileReference; fileEncoding = 4; lastKnownFileType = sourcecode.c.h; path = alarm.h; sourceTree = SOURCE_ROOT; };
		666132301BC06D340091BAB4 /* patchlevel.h */ = {isa = PBXFileReference; fileEncoding = 4; lastKnownFileType = sourcecode.c.h; path = patchlevel.h; sourceTree = SOURCE_ROOT; };
		666132311BC06D340091BAB4 /* alarm.c */ = {isa = PBXFileReference; fileEncoding = 4; lastKnownFileType = sourcecode.c.c; path = alarm.c; sourceTree = SOURCE_ROOT; };
		666132321BC06D340091BAB4 /* xclock.c */ = {isa = PBXFileReference; fileEncoding = 4; lastKnownFileType = sourcecode.c.c; path = xclock.c; sourceTree = SOURCE_ROOT; };
		666132361BC06D4B0091BAB4 /* analog.xbm */ = {isa = PBXFileReference; lastKnownFileType = text; path = analog.xbm; sourceTree = "<group>"; };
		666132371BC06D4B0091BAB4 /* bell.xbm */ = {isa = PBXFileReference; lastKnownFileType = text; path = bell.xbm; sourceTree = "<group>"; };
		666132381BC06D4B0091BAB4 /* cat.xbm */ = {isa = PBXFileReference; lastKnownFileType = text; path = cat.xbm; sourceTree = "<group>"; };
		666132391BC06D4B0091BAB4 /* catback.xbm */ = {isa = PBXFileReference; lastKnownFileType = text; path = catback.xbm; sourceTree = "<group>"; };
		6661323A1BC06D4B0091BAB4 /* cattie.xbm */ = {isa = PBXFileReference; lastKnownFileType = text; path = cattie.xbm; sourceTree = "<group>"; };
		6661323B1BC06D4B0091BAB4 /* catwhite.xbm */ = {isa = PBXFileReference; lastKnownFileType = text; path = catwhite.xbm; sourceTree = "<group>"; };
		6661323C1BC06D4B0091BAB4 /* digital.xbm */ = {isa = PBXFileReference; lastKnownFileType = text; path = digital.xbm; sourceTree = "<group>"; };
		6661323D1BC06D4B0091BAB4 /* eyes.xbm */ = {isa = PBXFileReference; lastKnownFileType = text; path = eyes.xbm; sourceTree = "<group>"; };
		6661323E1BC06D4B0091BAB4 /* tail.xbm */ = {isa = PBXFileReference; lastKnownFileType = text; path = tail.xbm; sourceTree = "<group>"; };
		666132401BC06E480091BAB4 /* libX11.a */ = {isa = PBXFileReference; lastKnownFileType = archive.ar; name = libX11.a; path = ../../../../opt/local/lib/libX11.a; sourceTree = "<group>"; };
		666132411BC06E480091BAB4 /* libXext.a */ = {isa = PBXFileReference; lastKnownFileType = archive.ar; name = libXext.a; path = ../../../../opt/local/lib/libXext.a; sourceTree = "<group>"; };
		666132421BC06E480091BAB4 /* libXm.a */ = {isa = PBXFileReference; lastKnownFileType = archive.ar; name = libXm.a; path = ../../../../opt/local/lib/libXm.a; sourceTree = "<group>"; };
		666132461BC06E650091BAB4 /* libXt.a */ = {isa = PBXFileReference; lastKnownFileType = archive.ar; name = libXt.a; path = ../../../../opt/local/lib/libXt.a; sourceTree = "<group>"; };
		666132491BC06EB60091BAB4 /* xclock.xclock */ = {isa = PBXFileReference; lastKnownFileType = text; path = xclock.xclock; sourceTree = "<group>"; };
		6661324B1BC06EC70091BAB4 /* xclock.man */ = {isa = PBXFileReference; lastKnownFileType = text; path = xclock.man; sourceTree = "<group>"; };
		6661324E1BC06EF80091BAB4 /* xclock.ad */ = {isa = PBXFileReference; lastKnownFileType = text; path = xclock.ad; sourceTree = "<group>"; };
/* End PBXFileReference section */

/* Begin PBXFrameworksBuildPhase section */
		666132221BC06CD80091BAB4 /* Frameworks */ = {
			isa = PBXFrameworksBuildPhase;
			buildActionMask = 2147483647;
			files = (
				666132451BC06E480091BAB4 /* libXm.a in Frameworks */,
				666132471BC06E650091BAB4 /* libXt.a in Frameworks */,
				666132441BC06E480091BAB4 /* libXext.a in Frameworks */,
				666132431BC06E480091BAB4 /* libX11.a in Frameworks */,
			);
			runOnlyForDeploymentPostprocessing = 0;
		};
/* End PBXFrameworksBuildPhase section */

/* Begin PBXGroup section */
		661F38D11FF5859A00B157C9 /* catclock */ = {
			isa = PBXGroup;
			children = (
				666132311BC06D340091BAB4 /* alarm.c */,
				6661322F1BC06D340091BAB4 /* alarm.h */,
				666132301BC06D340091BAB4 /* patchlevel.h */,
				666132321BC06D340091BAB4 /* xclock.c */,
			);
			name = catclock;
			sourceTree = "<group>";
		};
		6661321C1BC06CD80091BAB4 = {
			isa = PBXGroup;
			children = (
				666132481BC06E920091BAB4 /* Alarm File */,
				6661324D1BC06EDA0091BAB4 /* Application Defaults */,
				666132351BC06D3B0091BAB4 /* Bitmaps */,
				661F38D11FF5859A00B157C9 /* catclock */,
				6661323F1BC06DF80091BAB4 /* Libraries */,
				6661324A1BC06EBF0091BAB4 /* Man Page */,
				666132261BC06CD80091BAB4 /* Products */,
			);
			sourceTree = "<group>";
		};
		666132261BC06CD80091BAB4 /* Products */ = {
			isa = PBXGroup;
			children = (
				666132251BC06CD80091BAB4 /* catclock */,
			);
			name = Products;
			sourceTree = "<group>";
		};
		666132351BC06D3B0091BAB4 /* Bitmaps */ = {
			isa = PBXGroup;
			children = (
				666132361BC06D4B0091BAB4 /* analog.xbm */,
				666132371BC06D4B0091BAB4 /* bell.xbm */,
				666132381BC06D4B0091BAB4 /* cat.xbm */,
				666132391BC06D4B0091BAB4 /* catback.xbm */,
				6661323A1BC06D4B0091BAB4 /* cattie.xbm */,
				6661323B1BC06D4B0091BAB4 /* catwhite.xbm */,
				6661323C1BC06D4B0091BAB4 /* digital.xbm */,
				6661323D1BC06D4B0091BAB4 /* eyes.xbm */,
				6661323E1BC06D4B0091BAB4 /* tail.xbm */,
			);
			name = Bitmaps;
			sourceTree = "<group>";
		};
		6661323F1BC06DF80091BAB4 /* Libraries */ = {
			isa = PBXGroup;
			children = (
				666132401BC06E480091BAB4 /* libX11.a */,
				666132411BC06E480091BAB4 /* libXext.a */,
				666132421BC06E480091BAB4 /* libXm.a */,
				666132461BC06E650091BAB4 /* libXt.a */,
			);
			name = Libraries;
			sourceTree = "<group>";
		};
		666132481BC06E920091BAB4 /* Alarm File */ = {
			isa = PBXGroup;
			children = (
				666132491BC06EB60091BAB4 /* xclock.xclock */,
			);
			name = "Alarm File";
			sourceTree = "<group>";
		};
		6661324A1BC06EBF0091BAB4 /* Man Page */ = {
			isa = PBXGroup;
			children = (
				6661324B1BC06EC70091BAB4 /* xclock.man */,
			);
			name = "Man Page";
			sourceTree = "<group>";
		};
		6661324D1BC06EDA0091BAB4 /* Application Defaults */ = {
			isa = PBXGroup;
			children = (
				6661324E1BC06EF80091BAB4 /* xclock.ad */,
			);
			name = "Application Defaults";
			sourceTree = "<group>";
		};
/* End PBXGroup section */

/* Begin PBXNativeTarget section */
		666132241BC06CD80091BAB4 /* catclock */ = {
			isa = PBXNativeTarget;
			buildConfigurationList = 6661322C1BC06CD80091BAB4 /* Build configuration list for PBXNativeTarget "catclock" */;
			buildPhases = (
				666132211BC06CD80091BAB4 /* Sources */,
				666132221BC06CD80091BAB4 /* Frameworks */,
				666132231BC06CD80091BAB4 /* CopyFiles */,
			);
			buildRules = (
			);
			dependencies = (
			);
			name = catclock;
			productName = catclock;
			productReference = 666132251BC06CD80091BAB4 /* catclock */;
			productType = "com.apple.product-type.tool";
		};
/* End PBXNativeTarget section */

/* Begin PBXProject section */
		6661321D1BC06CD80091BAB4 /* Project object */ = {
			isa = PBXProject;
			attributes = {
				LastUpgradeCheck = 1140;
				ORGANIZATIONNAME = CodeFromAbove;
				TargetAttributes = {
					666132241BC06CD80091BAB4 = {
						CreatedOnToolsVersion = 7.0.1;
					};
				};
			};
			buildConfigurationList = 666132201BC06CD80091BAB4 /* Build configuration list for PBXProject "catclock" */;
			compatibilityVersion = "Xcode 3.2";
			developmentRegion = en;
			hasScannedForEncodings = 0;
			knownRegions = (
				en,
				Base,
			);
			mainGroup = 6661321C1BC06CD80091BAB4;
			productRefGroup = 666132261BC06CD80091BAB4 /* Products */;
			projectDirPath = "";
			projectRoot = "";
			targets = (
				666132241BC06CD80091BAB4 /* catclock */,
			);
		};
/* End PBXProject section */

/* Begin PBXSourcesBuildPhase section */
		666132211BC06CD80091BAB4 /* Sources */ = {
			isa = PBXSourcesBuildPhase;
			buildActionMask = 2147483647;
			files = (
				666132331BC06D340091BAB4 /* alarm.c in Sources */,
				666132341BC06D340091BAB4 /* xclock.c in Sources */,
			);
			runOnlyForDeploymentPostprocessing = 0;
		};
/* End PBXSourcesBuildPhase section */

/* Begin XCBuildConfiguration section */
		6661322A1BC06CD80091BAB4 /* Debug */ = {
			isa = XCBuildConfiguration;
			buildSettings = {
				ALWAYS_SEARCH_USER_PATHS = NO;
				CLANG_ANALYZER_LOCALIZABILITY_NONLOCALIZED = YES;
				CLANG_CXX_LANGUAGE_STANDARD = "gnu++0x";
				CLANG_CXX_LIBRARY = "libc++";
				CLANG_ENABLE_MODULES = NO;
				CLANG_ENABLE_OBJC_ARC = YES;
				CLANG_WARN_BLOCK_CAPTURE_AUTORELEASING = YES;
				CLANG_WARN_BOOL_CONVERSION = YES;
				CLANG_WARN_COMMA = YES;
				CLANG_WARN_CONSTANT_CONVERSION = YES;
				CLANG_WARN_DEPRECATED_OBJC_IMPLEMENTATIONS = YES;
				CLANG_WARN_DIRECT_OBJC_ISA_USAGE = YES_ERROR;
				CLANG_WARN_EMPTY_BODY = YES;
				CLANG_WARN_ENUM_CONVERSION = YES;
				CLANG_WARN_INFINITE_RECURSION = YES;
				CLANG_WARN_INT_CONVERSION = YES;
				CLANG_WARN_NON_LITERAL_NULL_CONVERSION = YES;
				CLANG_WARN_OBJC_IMPLICIT_RETAIN_SELF = YES;
				CLANG_WARN_OBJC_LITERAL_CONVERSION = YES;
				CLANG_WARN_OBJC_ROOT_CLASS = YES_ERROR;
				CLANG_WARN_RANGE_LOOP_ANALYSIS = YES;
				CLANG_WARN_STRICT_PROTOTYPES = YES;
				CLANG_WARN_SUSPICIOUS_MOVE = YES;
				CLANG_WARN_UNREACHABLE_CODE = YES;
				CLANG_WARN__DUPLICATE_METHOD_MATCH = YES;
				COPY_PHASE_STRIP = NO;
				DEBUG_INFORMATION_FORMAT = dwarf;
				ENABLE_STRICT_OBJC_MSGSEND = YES;
				ENABLE_TESTABILITY = YES;
				GCC_C_LANGUAGE_STANDARD = gnu99;
				GCC_DYNAMIC_NO_PIC = NO;
				GCC_NO_COMMON_BLOCKS = YES;
				GCC_OPTIMIZATION_LEVEL = 0;
				GCC_PREPROCESSOR_DEFINITIONS = (
					"DEBUG=1",
					"$(inherited)",
				);
				GCC_WARN_64_TO_32_BIT_CONVERSION = YES;
				GCC_WARN_ABOUT_RETURN_TYPE = YES_ERROR;
				GCC_WARN_UNDECLARED_SELECTOR = YES;
				GCC_WARN_UNINITIALIZED_AUTOS = YES_AGGRESSIVE;
				GCC_WARN_UNUSED_FUNCTION = YES;
				GCC_WARN_UNUSED_VARIABLE = YES;
				HEADER_SEARCH_PATHS = /opt/local/include;
				MACOSX_DEPLOYMENT_TARGET = 10.13;
				MTL_ENABLE_DEBUG_INFO = YES;
				ONLY_ACTIVE_ARCH = YES;
				SDKROOT = macosx;
			};
			name = Debug;
		};
		6661322B1BC06CD80091BAB4 /* Release */ = {
			isa = XCBuildConfiguration;
			buildSettings = {
				ALWAYS_SEARCH_USER_PATHS = NO;
				CLANG_ANALYZER_LOCALIZABILITY_NONLOCALIZED = YES;
				CLANG_CXX_LANGUAGE_STANDARD = "gnu++0x";
				CLANG_CXX_LIBRARY = "libc++";
				CLANG_ENABLE_MODULES = NO;
				CLANG_ENABLE_OBJC_ARC = YES;
				CLANG_WARN_BLOCK_CAPTURE_AUTORELEASING = YES;
				CLANG_WARN_BOOL_CONVERSION = YES;
				CLANG_WARN_COMMA = YES;
				CLANG_WARN_CONSTANT_CONVERSION = YES;
				CLANG_WARN_DEPRECATED_OBJC_IMPLEMENTATIONS = YES;
				CLANG_WARN_DIRECT_OBJC_ISA_USAGE = YES_ERROR;
				CLANG_WARN_EMPTY_BODY = YES;
				CLANG_WARN_ENUM_CONVERSION = YES;
				CLANG_WARN_INFINITE_RECURSION = YES;
				CLANG_WARN_INT_CONVERSION = YES;
				CLANG_WARN_NON_LITERAL_NULL_CONVERSION = YES;
				CLANG_WARN_OBJC_IMPLICIT_RETAIN_SELF = YES;
				CLANG_WARN_OBJC_LITERAL_CONVERSION = YES;
				CLANG_WARN_OBJC_ROOT_CLASS = YES_ERROR;
				CLANG_WARN_RANGE_LOOP_ANALYSIS = YES;
				CLANG_WARN_STRICT_PROTOTYPES = YES;
				CLANG_WARN_SUSPICIOUS_MOVE = YES;
				CLANG_WARN_UNREACHABLE_CODE = YES;
				CLANG_WARN__DUPLICATE_METHOD_MATCH = YES;
				COPY_PHASE_STRIP = NO;
				DEBUG_INFORMATION_FORMAT = "dwarf-with-dsym";
				ENABLE_NS_ASSERTIONS = NO;
				ENABLE_STRICT_OBJC_MSGSEND = YES;
				GCC_C_LANGUAGE_STANDARD = gnu99;
				GCC_NO_COMMON_BLOCKS = YES;
				GCC_WARN_64_TO_32_BIT_CONVERSION = YES;
				GCC_WARN_ABOUT_RETURN_TYPE = YES_ERROR;
				GCC_WARN_UNDECLARED_SELECTOR = YES;
				GCC_WARN_UNINITIALIZED_AUTOS = YES_AGGRESSIVE;
				GCC_WARN_UNUSED_FUNCTION = YES;
				GCC_WARN_UNUSED_VARIABLE = YES;
				HEADER_SEARCH_PATHS = /opt/local/include;
				MACOSX_DEPLOYMENT_TARGET = 10.13;
				MTL_ENABLE_DEBUG_INFO = NO;
				SDKROOT = macosx;
			};
			name = Release;
		};
		6661322D1BC06CD80091BAB4 /* Debug */ = {
			isa = XCBuildConfiguration;
			buildSettings = {
				ALWAYS_SEARCH_USER_PATHS = YES;
				CODE_SIGN_IDENTITY = "-";
				HEADER_SEARCH_PATHS = /opt/local/include;
				LIBRARY_SEARCH_PATHS = (
					"$(inherited)",
					/opt/local/lib,
				);
				PRODUCT_NAME = "$(TARGET_NAME)";
				USER_HEADER_SEARCH_PATHS = /usr/include;
				USE_HEADERMAP = NO;
			};
			name = Debug;
		};
		6661322E1BC06CD80091BAB4 /* Release */ = {
			isa = XCBuildConfiguration;
			buildSettings = {
				ALWAYS_SEARCH_USER_PATHS = YES;
				CODE_SIGN_IDENTITY = "-";
				HEADER_SEARCH_PATHS = /opt/local/include;
				LIBRARY_SEARCH_PATHS = (
					"$(inherited)",
					/opt/local/lib,
				);
				PRODUCT_NAME = "$(TARGET_NAME)";
				USER_HEADER_SEARCH_PATHS = /usr/include;
				USE_HEADERMAP = NO;
			};
			name = Release;
		};
/* End XCBuildConfiguration section */

/* Begin XCConfigurationList section */
		666132201BC06CD80091BAB4 /* Build configuration list for PBXProject "catclock" */ = {
			isa = XCConfigurationList;
			buildConfigurations = (
				6661322A1BC06CD80091BAB4 /* Debug */,
				6661322B1BC06CD80091BAB4 /* Release */,
			);
			defaultConfigurationIsVisible = 0;
			defaultConfigurationName = Release;
		};
		6661322C1BC06CD80091BAB4 /* Build configuration list for PBXNativeTarget "catclock" */ = {
			isa = XCConfigurationList;
			buildConfigurations = (
				6661322D1BC06CD80091BAB4 /* Debug */,
				6661322E1BC06CD80091BAB4 /* Release */,
			);
			defaultConfigurationIsVisible = 0;
			defaultConfigurationName = Release;
		};
/* End XCConfigurationList section */
	};
	rootObject = 6661321D1BC06CD80091BAB4 /* Project object */;
}
